
Microsoft Visual Studio Solution File, Format Version 11.00
# Visual Studio 2010
Project("{2150E333-8FDC-42A3-9474-1A3956D46DE8}") = "0 - Common", "0 - Common", "{FE8B8AEF-3033-4D14-A864-D15874EA11DB}"
EndProject
Project("{2150E333-8FDC-42A3-9474-1A3956D46DE8}") = "1 - Tools", "1 - Tools", "{FF295A6D-F667-46B0-BFFF-5F70FD698742}"
EndProject
Project("{2150E333-8FDC-42A3-9474-1A3956D46DE8}") = "2 - Business", "2 - Business", "{9C1927B6-8C7C-4417-ABDE-1343DE25E8C9}"
EndProject
Project("{2150E333-8FDC-42A3-9474-1A3956D46DE8}") = "3 - Server", "3 - Server", "{809FA922-0330-49BE-9DB9-2A2293BBB46E}"
EndProject
Project("{2150E333-8FDC-42A3-9474-1A3956D46DE8}") = "4 - Client", "4 - Client", "{3D7B54BD-0409-4D42-9FED-2E1B57080E89}"
EndProject
Project("{FAE04EC0-301F-11D3-BF4B-00C04F79EFBC}") = "jsk.Util", "Common\jsk.Util\jsk.Util.csproj", "{BE8853B4-EA7B-4B6C-83AC-09ECFBC6D69D}"
EndProject
Project("{FAE04EC0-301F-11D3-BF4B-00C04F79EFBC}") = "jsk.Tools.PdmReader", "Common\jsk.Tools.PdmReader\jsk.Tools.PdmReader.csproj", "{09DC1567-02D8-4355-9ED7-833E05A4BE72}"
EndProject
Project("{FAE04EC0-301F-11D3-BF4B-00C04F79EFBC}") = "jsk.Tools.GenerateCode", "Common\jsk.Tools.GenerateCode\jsk.Tools.GenerateCode.csproj", "{59658893-4D8C-48FA-B2BC-BF4CED04B460}"
EndProject
Project("{FAE04EC0-301F-11D3-BF4B-00C04F79EFBC}") = "jsk.Tools.DbHelper", "Common\jsk.Tools.DbHelper\jsk.Tools.DbHelper.csproj", "{E652540B-CAB3-491D-8530-A153B0C7BF4B}"
EndProject
Project("{FAE04EC0-301F-11D3-BF4B-00C04F79EFBC}") = "jsk.IDataAccess", "BusinessLogic\jsk.IDataAccess\jsk.IDataAccess.csproj", "{202EFDDB-EE76-48C4-B203-62868E286C44}"
EndProject
Project("{FAE04EC0-301F-11D3-BF4B-00C04F79EFBC}") = "jsk.DataModel", "BusinessLogic\jsk.DataModel\jsk.DataModel.csproj", "{AF9ECACB-3990-4C01-8A2C-2CA95F12B732}"
EndProject
Project("{FAE04EC0-301F-11D3-BF4B-00C04F79EFBC}") = "jsk.DataAccess.Oracle", "BusinessLogic\jsk.DataAccess.Oracle\jsk.DataAccess.Oracle.csproj", "{E1A2E1AF-8FC1-4E23-9E47-2E49BD9BBF6A}"
EndProject
Project("{FAE04EC0-301F-11D3-BF4B-00C04F79EFBC}") = "jsk.DataAccess.MySql", "BusinessLogic\jsk.DataAccess.MySql\jsk.DataAccess.MySql.csproj", "{CA90288B-3575-475C-953D-179C2ADD89A2}"
EndProject
Project("{FAE04EC0-301F-11D3-BF4B-00C04F79EFBC}") = "jsk.DataAccess.Mssql", "BusinessLogic\jsk.DataAccess.Mssql\jsk.DataAccess.Mssql.csproj", "{7F496611-8468-4131-B990-5024873E3CA1}"
EndProject
Project("{FAE04EC0-301F-11D3-BF4B-00C04F79EFBC}") = "jsk.DataAccess.Base", "BusinessLogic\jsk.DataAccess.Base\jsk.DataAccess.Base.csproj", "{47E5F237-928B-495D-98AF-7C27FF51E48E}"
EndProject
Project("{FAE04EC0-301F-11D3-BF4B-00C04F79EFBC}") = "jsk.DataAccess.Access", "BusinessLogic\jsk.DataAccess.Access\jsk.DataAccess.Access.csproj", "{423E60A9-AB35-4E16-B12F-D284FDC886CB}"
EndProject
Project("{FAE04EC0-301F-11D3-BF4B-00C04F79EFBC}") = "jsk.Service", "Server\jsk.Service\jsk.Service.csproj", "{2D021994-217F-4653-B41D-491429130C9D}"
EndProject
Project("{FAE04EC0-301F-11D3-BF4B-00C04F79EFBC}") = "jsk.IService", "Server\jsk.IService\jsk.IService.csproj", "{8D947135-8394-4095-88CD-A173F512B376}"
EndProject
Project("{FAE04EC0-301F-11D3-BF4B-00C04F79EFBC}") = "WinLoan", "Client\WinLoan\WinLoan.csproj", "{92B382A0-4346-4646-BFE2-EEFE38E92D67}"
EndProject
Project("{FAE04EC0-301F-11D3-BF4B-00C04F79EFBC}") = "PdmReaderDemo", "Client\PdmReaderDemo\PdmReaderDemo.csproj", "{1A0D0B18-EF06-4AB7-ADF2-2F27A1802063}"
EndProject
Project("{FAE04EC0-301F-11D3-BF4B-00C04F79EFBC}") = "jsk.Center", "Server\jsk.Center\jsk.Center.csproj", "{C06ED7E1-A633-478A-B134-7885B634F9E2}"
EndProject
Project("{FAE04EC0-301F-11D3-BF4B-00C04F79EFBC}") = "jsk.Tools.Controls", "Common\jsk.Tools.Controls\jsk.Tools.Controls.csproj", "{A5CB40AD-DB06-4963-9F35-D3E1F3258F25}"
EndProject
Project("{FAE04EC0-301F-11D3-BF4B-00C04F79EFBC}") = "jsk.Enums", "BusinessLogic\jsk.Enums\jsk.Enums.csproj", "{D892DCD7-05A7-4D83-834E-B117E5DFAD5A}"
EndProject
Project("{2150E333-8FDC-42A3-9474-1A3956D46DE8}") = "6 - Demo", "6 - Demo", "{755BB446-7E77-4E8D-A3FF-6DE68A632CB6}"
EndProject
Project("{FAE04EC0-301F-11D3-BF4B-00C04F79EFBC}") = "ServiceDemo", "Demo\ServiceDemo\ServiceDemo.csproj", "{D83B68C0-3155-4926-8A3D-2DE1BD6E756B}"
EndProject
Project("{FAE04EC0-301F-11D3-BF4B-00C04F79EFBC}") = "WebManager", "Client\WebManager\WebManager.csproj", "{28909E25-2538-4697-A8B5-E35D0F6B878E}"
EndProject
Project("{2150E333-8FDC-42A3-9474-1A3956D46DE8}") = "5 - Resource", "5 - Resource", "{ABC24FA4-3C3C-42B3-875B-B130CE40B58F}"
EndProject
Project("{FAE04EC0-301F-11D3-BF4B-00C04F79EFBC}") = "CenterResource", "Server\CenterResource\CenterResource.csproj", "{3488A9FA-E019-4292-ACA9-61262AE1857B}"
EndProject
Project("{FAE04EC0-301F-11D3-BF4B-00C04F79EFBC}") = "WebShengTian", "Client\WebShengTian\WebShengTian.csproj", "{72440327-A869-419C-B760-1271AD0A3711}"
EndProject
Project("{FAE04EC0-301F-11D3-BF4B-00C04F79EFBC}") = "jsk.Tools.Tree", "Common\jsk.Tools.Tree\jsk.Tools.Tree.csproj", "{E1AE7C33-754B-4657-95BD-E5EE7C9D9C9F}"
EndProject
Project("{FAE04EC0-301F-11D3-BF4B-00C04F79EFBC}") = "WindowsFormsApplication1", "Demo\WindowsFormsApplication1\WindowsFormsApplication1.csproj", "{3EC3E13B-F237-485C-BCB0-60F92B4C6A69}"
EndProject
Project("{FAE04EC0-301F-11D3-BF4B-00C04F79EFBC}") = "jsk.Web.ClientCache", "Client\ClientCache\jsk.Web.ClientCache.csproj", "{5F2F7AEE-F0CE-4805-8BFE-DB875C08EC1D}"
EndProject
Project("{FAE04EC0-301F-11D3-BF4B-00C04F79EFBC}") = "jsk.LocalCache", "Common\jsk.LocalCache\jsk.LocalCache.csproj", "{74050A4B-4F73-42A8-B6C2-F8D7418C76E8}"
EndProject
Project("{FAE04EC0-301F-11D3-BF4B-00C04F79EFBC}") = "jsk.Wcf", "Common\jsk.Wcf\jsk.Wcf.csproj", "{17A05FE2-E253-4E7E-8D55-DCD5504B2540}"
EndProject
Project("{2150E333-8FDC-42A3-9474-1A3956D46DE8}") = "99 - jqUI", "99 - jqUI", "{2551A88E-A5B8-4949-AE1A-7B5911393F00}"
EndProject
Project("{FAE04EC0-301F-11D3-BF4B-00C04F79EFBC}") = "jqUI", "jqUI\jqUI\jqUI.csproj", "{45440E3D-B4A1-4ED7-8531-A46FEBDD4508}"
EndProject
Project("{FAE04EC0-301F-11D3-BF4B-00C04F79EFBC}") = "Manager", "Client\Manager\Manager.csproj", "{F79F0EFA-9CE4-4EDC-B382-FA06FE56A9A6}"
EndProject
Project("{FAE04EC0-301F-11D3-BF4B-00C04F79EFBC}") = "jsk.Mvc", "Client\jsk.Mvc\jsk.Mvc.csproj", "{7BFDDAA0-B0DC-47E5-9379-665D151E2EF1}"
EndProject
Project("{FAE04EC0-301F-11D3-BF4B-00C04F79EFBC}") = "jsk.MvcPortal", "Client\jsk.MvcPortal\jsk.MvcPortal.csproj", "{EDF04185-26E4-42EC-BE17-A6AFBAAE8A9D}"
EndProject
Project("{FAE04EC0-301F-11D3-BF4B-00C04F79EFBC}") = "jsk.MvcCustomer", "Client\jsk.MvcCustomer\jsk.MvcCustomer.csproj", "{4A86E3CC-D3FB-4CE8-BDC0-664DAE7D13E2}"
EndProject
Global
	GlobalSection(SolutionConfigurationPlatforms) = preSolution
		Debug|Any CPU = Debug|Any CPU
		Debug|Mixed Platforms = Debug|Mixed Platforms
		Debug|x86 = Debug|x86
		Release|Any CPU = Release|Any CPU
		Release|Mixed Platforms = Release|Mixed Platforms
		Release|x86 = Release|x86
	EndGlobalSection
	GlobalSection(ProjectConfigurationPlatforms) = postSolution
		{BE8853B4-EA7B-4B6C-83AC-09ECFBC6D69D}.Debug|Any CPU.ActiveCfg = Debug|Any CPU
		{BE8853B4-EA7B-4B6C-83AC-09ECFBC6D69D}.Debug|Any CPU.Build.0 = Debug|Any CPU
		{BE8853B4-EA7B-4B6C-83AC-09ECFBC6D69D}.Debug|Mixed Platforms.ActiveCfg = Debug|Any CPU
		{BE8853B4-EA7B-4B6C-83AC-09ECFBC6D69D}.Debug|Mixed Platforms.Build.0 = Debug|Any CPU
		{BE8853B4-EA7B-4B6C-83AC-09ECFBC6D69D}.Debug|x86.ActiveCfg = Debug|Any CPU
		{BE8853B4-EA7B-4B6C-83AC-09ECFBC6D69D}.Release|Any CPU.ActiveCfg = Release|Any CPU
		{BE8853B4-EA7B-4B6C-83AC-09ECFBC6D69D}.Release|Any CPU.Build.0 = Release|Any CPU
		{BE8853B4-EA7B-4B6C-83AC-09ECFBC6D69D}.Release|Mixed Platforms.ActiveCfg = Release|Any CPU
		{BE8853B4-EA7B-4B6C-83AC-09ECFBC6D69D}.Release|Mixed Platforms.Build.0 = Release|Any CPU
		{BE8853B4-EA7B-4B6C-83AC-09ECFBC6D69D}.Release|x86.ActiveCfg = Release|Any CPU
		{09DC1567-02D8-4355-9ED7-833E05A4BE72}.Debug|Any CPU.ActiveCfg = Debug|Any CPU
		{09DC1567-02D8-4355-9ED7-833E05A4BE72}.Debug|Any CPU.Build.0 = Debug|Any CPU
		{09DC1567-02D8-4355-9ED7-833E05A4BE72}.Debug|Mixed Platforms.ActiveCfg = Debug|Any CPU
		{09DC1567-02D8-4355-9ED7-833E05A4BE72}.Debug|Mixed Platforms.Build.0 = Debug|Any CPU
		{09DC1567-02D8-4355-9ED7-833E05A4BE72}.Debug|x86.ActiveCfg = Debug|Any CPU
		{09DC1567-02D8-4355-9ED7-833E05A4BE72}.Release|Any CPU.ActiveCfg = Release|Any CPU
		{09DC1567-02D8-4355-9ED7-833E05A4BE72}.Release|Any CPU.Build.0 = Release|Any CPU
		{09DC1567-02D8-4355-9ED7-833E05A4BE72}.Release|Mixed Platforms.ActiveCfg = Release|Any CPU
		{09DC1567-02D8-4355-9ED7-833E05A4BE72}.Release|Mixed Platforms.Build.0 = Release|Any CPU
		{09DC1567-02D8-4355-9ED7-833E05A4BE72}.Release|x86.ActiveCfg = Release|Any CPU
		{59658893-4D8C-48FA-B2BC-BF4CED04B460}.Debug|Any CPU.ActiveCfg = Debug|Any CPU
		{59658893-4D8C-48FA-B2BC-BF4CED04B460}.Debug|Any CPU.Build.0 = Debug|Any CPU
		{59658893-4D8C-48FA-B2BC-BF4CED04B460}.Debug|Mixed Platforms.ActiveCfg = Debug|Any CPU
		{59658893-4D8C-48FA-B2BC-BF4CED04B460}.Debug|Mixed Platforms.Build.0 = Debug|Any CPU
		{59658893-4D8C-48FA-B2BC-BF4CED04B460}.Debug|x86.ActiveCfg = Debug|Any CPU
		{59658893-4D8C-48FA-B2BC-BF4CED04B460}.Release|Any CPU.ActiveCfg = Release|Any CPU
		{59658893-4D8C-48FA-B2BC-BF4CED04B460}.Release|Any CPU.Build.0 = Release|Any CPU
		{59658893-4D8C-48FA-B2BC-BF4CED04B460}.Release|Mixed Platforms.ActiveCfg = Release|Any CPU
		{59658893-4D8C-48FA-B2BC-BF4CED04B460}.Release|Mixed Platforms.Build.0 = Release|Any CPU
		{59658893-4D8C-48FA-B2BC-BF4CED04B460}.Release|x86.ActiveCfg = Release|Any CPU
		{E652540B-CAB3-491D-8530-A153B0C7BF4B}.Debug|Any CPU.ActiveCfg = Debug|Any CPU
		{E652540B-CAB3-491D-8530-A153B0C7BF4B}.Debug|Any CPU.Build.0 = Debug|Any CPU
		{E652540B-CAB3-491D-8530-A153B0C7BF4B}.Debug|Mixed Platforms.ActiveCfg = Debug|Any CPU
		{E652540B-CAB3-491D-8530-A153B0C7BF4B}.Debug|Mixed Platforms.Build.0 = Debug|Any CPU
		{E652540B-CAB3-491D-8530-A153B0C7BF4B}.Debug|x86.ActiveCfg = Debug|Any CPU
		{E652540B-CAB3-491D-8530-A153B0C7BF4B}.Release|Any CPU.ActiveCfg = Release|Any CPU
		{E652540B-CAB3-491D-8530-A153B0C7BF4B}.Release|Any CPU.Build.0 = Release|Any CPU
		{E652540B-CAB3-491D-8530-A153B0C7BF4B}.Release|Mixed Platforms.ActiveCfg = Release|Any CPU
		{E652540B-CAB3-491D-8530-A153B0C7BF4B}.Release|Mixed Platforms.Build.0 = Release|Any CPU
		{E652540B-CAB3-491D-8530-A153B0C7BF4B}.Release|x86.ActiveCfg = Release|Any CPU
		{202EFDDB-EE76-48C4-B203-62868E286C44}.Debug|Any CPU.ActiveCfg = Debug|Any CPU
		{202EFDDB-EE76-48C4-B203-62868E286C44}.Debug|Any CPU.Build.0 = Debug|Any CPU
		{202EFDDB-EE76-48C4-B203-62868E286C44}.Debug|Mixed Platforms.ActiveCfg = Debug|Any CPU
		{202EFDDB-EE76-48C4-B203-62868E286C44}.Debug|Mixed Platforms.Build.0 = Debug|Any CPU
		{202EFDDB-EE76-48C4-B203-62868E286C44}.Debug|x86.ActiveCfg = Debug|Any CPU
		{202EFDDB-EE76-48C4-B203-62868E286C44}.Release|Any CPU.ActiveCfg = Release|Any CPU
		{202EFDDB-EE76-48C4-B203-62868E286C44}.Release|Any CPU.Build.0 = Release|Any CPU
		{202EFDDB-EE76-48C4-B203-62868E286C44}.Release|Mixed Platforms.ActiveCfg = Release|Any CPU
		{202EFDDB-EE76-48C4-B203-62868E286C44}.Release|Mixed Platforms.Build.0 = Release|Any CPU
		{202EFDDB-EE76-48C4-B203-62868E286C44}.Release|x86.ActiveCfg = Release|Any CPU
		{AF9ECACB-3990-4C01-8A2C-2CA95F12B732}.Debug|Any CPU.ActiveCfg = Debug|Any CPU
		{AF9ECACB-3990-4C01-8A2C-2CA95F12B732}.Debug|Any CPU.Build.0 = Debug|Any CPU
		{AF9ECACB-3990-4C01-8A2C-2CA95F12B732}.Debug|Mixed Platforms.ActiveCfg = Debug|Any CPU
		{AF9ECACB-3990-4C01-8A2C-2CA95F12B732}.Debug|Mixed Platforms.Build.0 = Debug|Any CPU
		{AF9ECACB-3990-4C01-8A2C-2CA95F12B732}.Debug|x86.ActiveCfg = Debug|Any CPU
		{AF9ECACB-3990-4C01-8A2C-2CA95F12B732}.Release|Any CPU.ActiveCfg = Release|Any CPU
		{AF9ECACB-3990-4C01-8A2C-2CA95F12B732}.Release|Any CPU.Build.0 = Release|Any CPU
		{AF9ECACB-3990-4C01-8A2C-2CA95F12B732}.Release|Mixed Platforms.ActiveCfg = Release|Any CPU
		{AF9ECACB-3990-4C01-8A2C-2CA95F12B732}.Release|Mixed Platforms.Build.0 = Release|Any CPU
		{AF9ECACB-3990-4C01-8A2C-2CA95F12B732}.Release|x86.ActiveCfg = Release|Any CPU
		{E1A2E1AF-8FC1-4E23-9E47-2E49BD9BBF6A}.Debug|Any CPU.ActiveCfg = Debug|Any CPU
		{E1A2E1AF-8FC1-4E23-9E47-2E49BD9BBF6A}.Debug|Any CPU.Build.0 = Debug|Any CPU
		{E1A2E1AF-8FC1-4E23-9E47-2E49BD9BBF6A}.Debug|Mixed Platforms.ActiveCfg = Debug|Any CPU
		{E1A2E1AF-8FC1-4E23-9E47-2E49BD9BBF6A}.Debug|Mixed Platforms.Build.0 = Debug|Any CPU
		{E1A2E1AF-8FC1-4E23-9E47-2E49BD9BBF6A}.Debug|x86.ActiveCfg = Debug|Any CPU
		{E1A2E1AF-8FC1-4E23-9E47-2E49BD9BBF6A}.Release|Any CPU.ActiveCfg = Release|Any CPU
		{E1A2E1AF-8FC1-4E23-9E47-2E49BD9BBF6A}.Release|Any CPU.Build.0 = Release|Any CPU
		{E1A2E1AF-8FC1-4E23-9E47-2E49BD9BBF6A}.Release|Mixed Platforms.ActiveCfg = Release|Any CPU
		{E1A2E1AF-8FC1-4E23-9E47-2E49BD9BBF6A}.Release|Mixed Platforms.Build.0 = Release|Any CPU
		{E1A2E1AF-8FC1-4E23-9E47-2E49BD9BBF6A}.Release|x86.ActiveCfg = Release|Any CPU
		{CA90288B-3575-475C-953D-179C2ADD89A2}.Debug|Any CPU.ActiveCfg = Debug|Any CPU
		{CA90288B-3575-475C-953D-179C2ADD89A2}.Debug|Any CPU.Build.0 = Debug|Any CPU
		{CA90288B-3575-475C-953D-179C2ADD89A2}.Debug|Mixed Platforms.ActiveCfg = Debug|Any CPU
		{CA90288B-3575-475C-953D-179C2ADD89A2}.Debug|Mixed Platforms.Build.0 = Debug|Any CPU
		{CA90288B-3575-475C-953D-179C2ADD89A2}.Debug|x86.ActiveCfg = Debug|Any CPU
		{CA90288B-3575-475C-953D-179C2ADD89A2}.Release|Any CPU.ActiveCfg = Release|Any CPU
		{CA90288B-3575-475C-953D-179C2ADD89A2}.Release|Any CPU.Build.0 = Release|Any CPU
		{CA90288B-3575-475C-953D-179C2ADD89A2}.Release|Mixed Platforms.ActiveCfg = Release|Any CPU
		{CA90288B-3575-475C-953D-179C2ADD89A2}.Release|Mixed Platforms.Build.0 = Release|Any CPU
		{CA90288B-3575-475C-953D-179C2ADD89A2}.Release|x86.ActiveCfg = Release|Any CPU
		{7F496611-8468-4131-B990-5024873E3CA1}.Debug|Any CPU.ActiveCfg = Debug|Any CPU
		{7F496611-8468-4131-B990-5024873E3CA1}.Debug|Any CPU.Build.0 = Debug|Any CPU
		{7F496611-8468-4131-B990-5024873E3CA1}.Debug|Mixed Platforms.ActiveCfg = Debug|Any CPU
		{7F496611-8468-4131-B990-5024873E3CA1}.Debug|Mixed Platforms.Build.0 = Debug|Any CPU
		{7F496611-8468-4131-B990-5024873E3CA1}.Debug|x86.ActiveCfg = Debug|Any CPU
		{7F496611-8468-4131-B990-5024873E3CA1}.Release|Any CPU.ActiveCfg = Release|Any CPU
		{7F496611-8468-4131-B990-5024873E3CA1}.Release|Any CPU.Build.0 = Release|Any CPU
		{7F496611-8468-4131-B990-5024873E3CA1}.Release|Mixed Platforms.ActiveCfg = Release|Any CPU
		{7F496611-8468-4131-B990-5024873E3CA1}.Release|Mixed Platforms.Build.0 = Release|Any CPU
		{7F496611-8468-4131-B990-5024873E3CA1}.Release|x86.ActiveCfg = Release|Any CPU
		{47E5F237-928B-495D-98AF-7C27FF51E48E}.Debug|Any CPU.ActiveCfg = Debug|Any CPU
		{47E5F237-928B-495D-98AF-7C27FF51E48E}.Debug|Any CPU.Build.0 = Debug|Any CPU
		{47E5F237-928B-495D-98AF-7C27FF51E48E}.Debug|Mixed Platforms.ActiveCfg = Debug|Any CPU
		{47E5F237-928B-495D-98AF-7C27FF51E48E}.Debug|Mixed Platforms.Build.0 = Debug|Any CPU
		{47E5F237-928B-495D-98AF-7C27FF51E48E}.Debug|x86.ActiveCfg = Debug|Any CPU
		{47E5F237-928B-495D-98AF-7C27FF51E48E}.Release|Any CPU.ActiveCfg = Release|Any CPU
		{47E5F237-928B-495D-98AF-7C27FF51E48E}.Release|Any CPU.Build.0 = Release|Any CPU
		{47E5F237-928B-495D-98AF-7C27FF51E48E}.Release|Mixed Platforms.ActiveCfg = Release|Any CPU
		{47E5F237-928B-495D-98AF-7C27FF51E48E}.Release|Mixed Platforms.Build.0 = Release|Any CPU
		{47E5F237-928B-495D-98AF-7C27FF51E48E}.Release|x86.ActiveCfg = Release|Any CPU
		{423E60A9-AB35-4E16-B12F-D284FDC886CB}.Debug|Any CPU.ActiveCfg = Debug|Any CPU
		{423E60A9-AB35-4E16-B12F-D284FDC886CB}.Debug|Any CPU.Build.0 = Debug|Any CPU
		{423E60A9-AB35-4E16-B12F-D284FDC886CB}.Debug|Mixed Platforms.ActiveCfg = Debug|Any CPU
		{423E60A9-AB35-4E16-B12F-D284FDC886CB}.Debug|Mixed Platforms.Build.0 = Debug|Any CPU
		{423E60A9-AB35-4E16-B12F-D284FDC886CB}.Debug|x86.ActiveCfg = Debug|Any CPU
		{423E60A9-AB35-4E16-B12F-D284FDC886CB}.Release|Any CPU.ActiveCfg = Release|Any CPU
		{423E60A9-AB35-4E16-B12F-D284FDC886CB}.Release|Any CPU.Build.0 = Release|Any CPU
		{423E60A9-AB35-4E16-B12F-D284FDC886CB}.Release|Mixed Platforms.ActiveCfg = Release|Any CPU
		{423E60A9-AB35-4E16-B12F-D284FDC886CB}.Release|Mixed Platforms.Build.0 = Release|Any CPU
		{423E60A9-AB35-4E16-B12F-D284FDC886CB}.Release|x86.ActiveCfg = Release|Any CPU
		{2D021994-217F-4653-B41D-491429130C9D}.Debug|Any CPU.ActiveCfg = Debug|Any CPU
		{2D021994-217F-4653-B41D-491429130C9D}.Debug|Any CPU.Build.0 = Debug|Any CPU
		{2D021994-217F-4653-B41D-491429130C9D}.Debug|Mixed Platforms.ActiveCfg = Debug|Any CPU
		{2D021994-217F-4653-B41D-491429130C9D}.Debug|Mixed Platforms.Build.0 = Debug|Any CPU
		{2D021994-217F-4653-B41D-491429130C9D}.Debug|x86.ActiveCfg = Debug|Any CPU
		{2D021994-217F-4653-B41D-491429130C9D}.Release|Any CPU.ActiveCfg = Release|Any CPU
		{2D021994-217F-4653-B41D-491429130C9D}.Release|Any CPU.Build.0 = Release|Any CPU
		{2D021994-217F-4653-B41D-491429130C9D}.Release|Mixed Platforms.ActiveCfg = Release|Any CPU
		{2D021994-217F-4653-B41D-491429130C9D}.Release|Mixed Platforms.Build.0 = Release|Any CPU
		{2D021994-217F-4653-B41D-491429130C9D}.Release|x86.ActiveCfg = Release|Any CPU
		{8D947135-8394-4095-88CD-A173F512B376}.Debug|Any CPU.ActiveCfg = Debug|Any CPU
		{8D947135-8394-4095-88CD-A173F512B376}.Debug|Any CPU.Build.0 = Debug|Any CPU
		{8D947135-8394-4095-88CD-A173F512B376}.Debug|Mixed Platforms.ActiveCfg = Debug|Any CPU
		{8D947135-8394-4095-88CD-A173F512B376}.Debug|Mixed Platforms.Build.0 = Debug|Any CPU
		{8D947135-8394-4095-88CD-A173F512B376}.Debug|x86.ActiveCfg = Debug|Any CPU
		{8D947135-8394-4095-88CD-A173F512B376}.Release|Any CPU.ActiveCfg = Release|Any CPU
		{8D947135-8394-4095-88CD-A173F512B376}.Release|Any CPU.Build.0 = Release|Any CPU
		{8D947135-8394-4095-88CD-A173F512B376}.Release|Mixed Platforms.ActiveCfg = Release|Any CPU
		{8D947135-8394-4095-88CD-A173F512B376}.Release|Mixed Platforms.Build.0 = Release|Any CPU
		{8D947135-8394-4095-88CD-A173F512B376}.Release|x86.ActiveCfg = Release|Any CPU
		{92B382A0-4346-4646-BFE2-EEFE38E92D67}.Debug|Any CPU.ActiveCfg = Debug|x86
		{92B382A0-4346-4646-BFE2-EEFE38E92D67}.Debug|Mixed Platforms.ActiveCfg = Debug|x86
		{92B382A0-4346-4646-BFE2-EEFE38E92D67}.Debug|Mixed Platforms.Build.0 = Debug|x86
		{92B382A0-4346-4646-BFE2-EEFE38E92D67}.Debug|x86.ActiveCfg = Debug|x86
		{92B382A0-4346-4646-BFE2-EEFE38E92D67}.Debug|x86.Build.0 = Debug|x86
		{92B382A0-4346-4646-BFE2-EEFE38E92D67}.Release|Any CPU.ActiveCfg = Release|x86
		{92B382A0-4346-4646-BFE2-EEFE38E92D67}.Release|Mixed Platforms.ActiveCfg = Release|x86
		{92B382A0-4346-4646-BFE2-EEFE38E92D67}.Release|Mixed Platforms.Build.0 = Release|x86
		{92B382A0-4346-4646-BFE2-EEFE38E92D67}.Release|x86.ActiveCfg = Release|x86
		{92B382A0-4346-4646-BFE2-EEFE38E92D67}.Release|x86.Build.0 = Release|x86
		{1A0D0B18-EF06-4AB7-ADF2-2F27A1802063}.Debug|Any CPU.ActiveCfg = Debug|Any CPU
		{1A0D0B18-EF06-4AB7-ADF2-2F27A1802063}.Debug|Any CPU.Build.0 = Debug|Any CPU
		{1A0D0B18-EF06-4AB7-ADF2-2F27A1802063}.Debug|Mixed Platforms.ActiveCfg = Debug|Any CPU
		{1A0D0B18-EF06-4AB7-ADF2-2F27A1802063}.Debug|Mixed Platforms.Build.0 = Debug|Any CPU
		{1A0D0B18-EF06-4AB7-ADF2-2F27A1802063}.Debug|x86.ActiveCfg = Debug|Any CPU
		{1A0D0B18-EF06-4AB7-ADF2-2F27A1802063}.Release|Any CPU.ActiveCfg = Release|Any CPU
		{1A0D0B18-EF06-4AB7-ADF2-2F27A1802063}.Release|Any CPU.Build.0 = Release|Any CPU
		{1A0D0B18-EF06-4AB7-ADF2-2F27A1802063}.Release|Mixed Platforms.ActiveCfg = Release|Any CPU
		{1A0D0B18-EF06-4AB7-ADF2-2F27A1802063}.Release|Mixed Platforms.Build.0 = Release|Any CPU
		{1A0D0B18-EF06-4AB7-ADF2-2F27A1802063}.Release|x86.ActiveCfg = Release|Any CPU
		{C06ED7E1-A633-478A-B134-7885B634F9E2}.Debug|Any CPU.ActiveCfg = Debug|Any CPU
		{C06ED7E1-A633-478A-B134-7885B634F9E2}.Debug|Any CPU.Build.0 = Debug|Any CPU
		{C06ED7E1-A633-478A-B134-7885B634F9E2}.Debug|Mixed Platforms.ActiveCfg = Debug|Any CPU
		{C06ED7E1-A633-478A-B134-7885B634F9E2}.Debug|Mixed Platforms.Build.0 = Debug|Any CPU
		{C06ED7E1-A633-478A-B134-7885B634F9E2}.Debug|x86.ActiveCfg = Debug|Any CPU
		{C06ED7E1-A633-478A-B134-7885B634F9E2}.Release|Any CPU.ActiveCfg = Release|Any CPU
		{C06ED7E1-A633-478A-B134-7885B634F9E2}.Release|Any CPU.Build.0 = Release|Any CPU
		{C06ED7E1-A633-478A-B134-7885B634F9E2}.Release|Mixed Platforms.ActiveCfg = Release|Any CPU
		{C06ED7E1-A633-478A-B134-7885B634F9E2}.Release|Mixed Platforms.Build.0 = Release|Any CPU
		{C06ED7E1-A633-478A-B134-7885B634F9E2}.Release|x86.ActiveCfg = Release|Any CPU
		{A5CB40AD-DB06-4963-9F35-D3E1F3258F25}.Debug|Any CPU.ActiveCfg = Debug|Any CPU
		{A5CB40AD-DB06-4963-9F35-D3E1F3258F25}.Debug|Any CPU.Build.0 = Debug|Any CPU
		{A5CB40AD-DB06-4963-9F35-D3E1F3258F25}.Debug|Mixed Platforms.ActiveCfg = Debug|Any CPU
		{A5CB40AD-DB06-4963-9F35-D3E1F3258F25}.Debug|Mixed Platforms.Build.0 = Debug|Any CPU
		{A5CB40AD-DB06-4963-9F35-D3E1F3258F25}.Debug|x86.ActiveCfg = Debug|Any CPU
		{A5CB40AD-DB06-4963-9F35-D3E1F3258F25}.Release|Any CPU.ActiveCfg = Release|Any CPU
		{A5CB40AD-DB06-4963-9F35-D3E1F3258F25}.Release|Any CPU.Build.0 = Release|Any CPU
		{A5CB40AD-DB06-4963-9F35-D3E1F3258F25}.Release|Mixed Platforms.ActiveCfg = Release|Any CPU
		{A5CB40AD-DB06-4963-9F35-D3E1F3258F25}.Release|Mixed Platforms.Build.0 = Release|Any CPU
		{A5CB40AD-DB06-4963-9F35-D3E1F3258F25}.Release|x86.ActiveCfg = Release|Any CPU
		{D892DCD7-05A7-4D83-834E-B117E5DFAD5A}.Debug|Any CPU.ActiveCfg = Debug|Any CPU
		{D892DCD7-05A7-4D83-834E-B117E5DFAD5A}.Debug|Any CPU.Build.0 = Debug|Any CPU
		{D892DCD7-05A7-4D83-834E-B117E5DFAD5A}.Debug|Mixed Platforms.ActiveCfg = Debug|Any CPU
		{D892DCD7-05A7-4D83-834E-B117E5DFAD5A}.Debug|Mixed Platforms.Build.0 = Debug|Any CPU
		{D892DCD7-05A7-4D83-834E-B117E5DFAD5A}.Debug|x86.ActiveCfg = Debug|Any CPU
		{D892DCD7-05A7-4D83-834E-B117E5DFAD5A}.Release|Any CPU.ActiveCfg = Release|Any CPU
		{D892DCD7-05A7-4D83-834E-B117E5DFAD5A}.Release|Any CPU.Build.0 = Release|Any CPU
		{D892DCD7-05A7-4D83-834E-B117E5DFAD5A}.Release|Mixed Platforms.ActiveCfg = Release|Any CPU
		{D892DCD7-05A7-4D83-834E-B117E5DFAD5A}.Release|Mixed Platforms.Build.0 = Release|Any CPU
		{D892DCD7-05A7-4D83-834E-B117E5DFAD5A}.Release|x86.ActiveCfg = Release|Any CPU
		{D83B68C0-3155-4926-8A3D-2DE1BD6E756B}.Debug|Any CPU.ActiveCfg = Debug|Any CPU
		{D83B68C0-3155-4926-8A3D-2DE1BD6E756B}.Debug|Any CPU.Build.0 = Debug|Any CPU
		{D83B68C0-3155-4926-8A3D-2DE1BD6E756B}.Debug|Mixed Platforms.ActiveCfg = Debug|Any CPU
		{D83B68C0-3155-4926-8A3D-2DE1BD6E756B}.Debug|Mixed Platforms.Build.0 = Debug|Any CPU
		{D83B68C0-3155-4926-8A3D-2DE1BD6E756B}.Debug|x86.ActiveCfg = Debug|Any CPU
		{D83B68C0-3155-4926-8A3D-2DE1BD6E756B}.Release|Any CPU.ActiveCfg = Release|Any CPU
		{D83B68C0-3155-4926-8A3D-2DE1BD6E756B}.Release|Any CPU.Build.0 = Release|Any CPU
		{D83B68C0-3155-4926-8A3D-2DE1BD6E756B}.Release|Mixed Platforms.ActiveCfg = Release|Any CPU
		{D83B68C0-3155-4926-8A3D-2DE1BD6E756B}.Release|Mixed Platforms.Build.0 = Release|Any CPU
		{D83B68C0-3155-4926-8A3D-2DE1BD6E756B}.Release|x86.ActiveCfg = Release|Any CPU
		{28909E25-2538-4697-A8B5-E35D0F6B878E}.Debug|Any CPU.ActiveCfg = Debug|Any CPU
		{28909E25-2538-4697-A8B5-E35D0F6B878E}.Debug|Any CPU.Build.0 = Debug|Any CPU
		{28909E25-2538-4697-A8B5-E35D0F6B878E}.Debug|Mixed Platforms.ActiveCfg = Debug|Any CPU
		{28909E25-2538-4697-A8B5-E35D0F6B878E}.Debug|Mixed Platforms.Build.0 = Debug|Any CPU
		{28909E25-2538-4697-A8B5-E35D0F6B878E}.Debug|x86.ActiveCfg = Debug|Any CPU
		{28909E25-2538-4697-A8B5-E35D0F6B878E}.Release|Any CPU.ActiveCfg = Release|Any CPU
		{28909E25-2538-4697-A8B5-E35D0F6B878E}.Release|Any CPU.Build.0 = Release|Any CPU
		{28909E25-2538-4697-A8B5-E35D0F6B878E}.Release|Mixed Platforms.ActiveCfg = Release|Any CPU
		{28909E25-2538-4697-A8B5-E35D0F6B878E}.Release|Mixed Platforms.Build.0 = Release|Any CPU
		{28909E25-2538-4697-A8B5-E35D0F6B878E}.Release|x86.ActiveCfg = Release|Any CPU
		{3488A9FA-E019-4292-ACA9-61262AE1857B}.Debug|Any CPU.ActiveCfg = Debug|Any CPU
		{3488A9FA-E019-4292-ACA9-61262AE1857B}.Debug|Any CPU.Build.0 = Debug|Any CPU
		{3488A9FA-E019-4292-ACA9-61262AE1857B}.Debug|Mixed Platforms.ActiveCfg = Debug|Any CPU
		{3488A9FA-E019-4292-ACA9-61262AE1857B}.Debug|Mixed Platforms.Build.0 = Debug|Any CPU
		{3488A9FA-E019-4292-ACA9-61262AE1857B}.Debug|x86.ActiveCfg = Debug|Any CPU
		{3488A9FA-E019-4292-ACA9-61262AE1857B}.Release|Any CPU.ActiveCfg = Release|Any CPU
		{3488A9FA-E019-4292-ACA9-61262AE1857B}.Release|Any CPU.Build.0 = Release|Any CPU
		{3488A9FA-E019-4292-ACA9-61262AE1857B}.Release|Mixed Platforms.ActiveCfg = Release|Any CPU
		{3488A9FA-E019-4292-ACA9-61262AE1857B}.Release|Mixed Platforms.Build.0 = Release|Any CPU
		{3488A9FA-E019-4292-ACA9-61262AE1857B}.Release|x86.ActiveCfg = Release|Any CPU
		{72440327-A869-419C-B760-1271AD0A3711}.Debug|Any CPU.ActiveCfg = Debug|Any CPU
		{72440327-A869-419C-B760-1271AD0A3711}.Debug|Any CPU.Build.0 = Debug|Any CPU
		{72440327-A869-419C-B760-1271AD0A3711}.Debug|Mixed Platforms.ActiveCfg = Debug|Any CPU
		{72440327-A869-419C-B760-1271AD0A3711}.Debug|Mixed Platforms.Build.0 = Debug|Any CPU
		{72440327-A869-419C-B760-1271AD0A3711}.Debug|x86.ActiveCfg = Debug|Any CPU
		{72440327-A869-419C-B760-1271AD0A3711}.Release|Any CPU.ActiveCfg = Release|Any CPU
		{72440327-A869-419C-B760-1271AD0A3711}.Release|Any CPU.Build.0 = Release|Any CPU
		{72440327-A869-419C-B760-1271AD0A3711}.Release|Mixed Platforms.ActiveCfg = Release|Any CPU
		{72440327-A869-419C-B760-1271AD0A3711}.Release|Mixed Platforms.Build.0 = Release|Any CPU
		{72440327-A869-419C-B760-1271AD0A3711}.Release|x86.ActiveCfg = Release|Any CPU
		{E1AE7C33-754B-4657-95BD-E5EE7C9D9C9F}.Debug|Any CPU.ActiveCfg = Debug|Any CPU
		{E1AE7C33-754B-4657-95BD-E5EE7C9D9C9F}.Debug|Any CPU.Build.0 = Debug|Any CPU
		{E1AE7C33-754B-4657-95BD-E5EE7C9D9C9F}.Debug|Mixed Platforms.ActiveCfg = Debug|Any CPU
		{E1AE7C33-754B-4657-95BD-E5EE7C9D9C9F}.Debug|Mixed Platforms.Build.0 = Debug|Any CPU
		{E1AE7C33-754B-4657-95BD-E5EE7C9D9C9F}.Debug|x86.ActiveCfg = Debug|Any CPU
		{E1AE7C33-754B-4657-95BD-E5EE7C9D9C9F}.Release|Any CPU.ActiveCfg = Release|Any CPU
		{E1AE7C33-754B-4657-95BD-E5EE7C9D9C9F}.Release|Any CPU.Build.0 = Release|Any CPU
		{E1AE7C33-754B-4657-95BD-E5EE7C9D9C9F}.Release|Mixed Platforms.ActiveCfg = Release|Any CPU
		{E1AE7C33-754B-4657-95BD-E5EE7C9D9C9F}.Release|Mixed Platforms.Build.0 = Release|Any CPU
		{E1AE7C33-754B-4657-95BD-E5EE7C9D9C9F}.Release|x86.ActiveCfg = Release|Any CPU
		{3EC3E13B-F237-485C-BCB0-60F92B4C6A69}.Debug|Any CPU.ActiveCfg = Debug|x86
		{3EC3E13B-F237-485C-BCB0-60F92B4C6A69}.Debug|Mixed Platforms.ActiveCfg = Debug|x86
		{3EC3E13B-F237-485C-BCB0-60F92B4C6A69}.Debug|Mixed Platforms.Build.0 = Debug|x86
		{3EC3E13B-F237-485C-BCB0-60F92B4C6A69}.Debug|x86.ActiveCfg = Debug|x86
		{3EC3E13B-F237-485C-BCB0-60F92B4C6A69}.Debug|x86.Build.0 = Debug|x86
		{3EC3E13B-F237-485C-BCB0-60F92B4C6A69}.Release|Any CPU.ActiveCfg = Release|x86
		{3EC3E13B-F237-485C-BCB0-60F92B4C6A69}.Release|Mixed Platforms.ActiveCfg = Release|x86
		{3EC3E13B-F237-485C-BCB0-60F92B4C6A69}.Release|Mixed Platforms.Build.0 = Release|x86
		{3EC3E13B-F237-485C-BCB0-60F92B4C6A69}.Release|x86.ActiveCfg = Release|x86
		{3EC3E13B-F237-485C-BCB0-60F92B4C6A69}.Release|x86.Build.0 = Release|x86
		{5F2F7AEE-F0CE-4805-8BFE-DB875C08EC1D}.Debug|Any CPU.ActiveCfg = Debug|Any CPU
		{5F2F7AEE-F0CE-4805-8BFE-DB875C08EC1D}.Debug|Any CPU.Build.0 = Debug|Any CPU
		{5F2F7AEE-F0CE-4805-8BFE-DB875C08EC1D}.Debug|Mixed Platforms.ActiveCfg = Debug|Any CPU
		{5F2F7AEE-F0CE-4805-8BFE-DB875C08EC1D}.Debug|Mixed Platforms.Build.0 = Debug|Any CPU
		{5F2F7AEE-F0CE-4805-8BFE-DB875C08EC1D}.Debug|x86.ActiveCfg = Debug|Any CPU
		{5F2F7AEE-F0CE-4805-8BFE-DB875C08EC1D}.Release|Any CPU.ActiveCfg = Release|Any CPU
		{5F2F7AEE-F0CE-4805-8BFE-DB875C08EC1D}.Release|Any CPU.Build.0 = Release|Any CPU
		{5F2F7AEE-F0CE-4805-8BFE-DB875C08EC1D}.Release|Mixed Platforms.ActiveCfg = Release|Any CPU
		{5F2F7AEE-F0CE-4805-8BFE-DB875C08EC1D}.Release|Mixed Platforms.Build.0 = Release|Any CPU
		{5F2F7AEE-F0CE-4805-8BFE-DB875C08EC1D}.Release|x86.ActiveCfg = Release|Any CPU
		{74050A4B-4F73-42A8-B6C2-F8D7418C76E8}.Debug|Any CPU.ActiveCfg = Debug|Any CPU
		{74050A4B-4F73-42A8-B6C2-F8D7418C76E8}.Debug|Any CPU.Build.0 = Debug|Any CPU
		{74050A4B-4F73-42A8-B6C2-F8D7418C76E8}.Debug|Mixed Platforms.ActiveCfg = Debug|Any CPU
		{74050A4B-4F73-42A8-B6C2-F8D7418C76E8}.Debug|Mixed Platforms.Build.0 = Debug|Any CPU
		{74050A4B-4F73-42A8-B6C2-F8D7418C76E8}.Debug|x86.ActiveCfg = Debug|Any CPU
		{74050A4B-4F73-42A8-B6C2-F8D7418C76E8}.Release|Any CPU.ActiveCfg = Release|Any CPU
		{74050A4B-4F73-42A8-B6C2-F8D7418C76E8}.Release|Any CPU.Build.0 = Release|Any CPU
		{74050A4B-4F73-42A8-B6C2-F8D7418C76E8}.Release|Mixed Platforms.ActiveCfg = Release|Any CPU
		{74050A4B-4F73-42A8-B6C2-F8D7418C76E8}.Release|Mixed Platforms.Build.0 = Release|Any CPU
		{74050A4B-4F73-42A8-B6C2-F8D7418C76E8}.Release|x86.ActiveCfg = Release|Any CPU
		{17A05FE2-E253-4E7E-8D55-DCD5504B2540}.Debug|Any CPU.ActiveCfg = Debug|Any CPU
		{17A05FE2-E253-4E7E-8D55-DCD5504B2540}.Debug|Any CPU.Build.0 = Debug|Any CPU
		{17A05FE2-E253-4E7E-8D55-DCD5504B2540}.Debug|Mixed Platforms.ActiveCfg = Debug|Any CPU
		{17A05FE2-E253-4E7E-8D55-DCD5504B2540}.Debug|Mixed Platforms.Build.0 = Debug|Any CPU
		{17A05FE2-E253-4E7E-8D55-DCD5504B2540}.Debug|x86.ActiveCfg = Debug|Any CPU
		{17A05FE2-E253-4E7E-8D55-DCD5504B2540}.Release|Any CPU.ActiveCfg = Release|Any CPU
		{17A05FE2-E253-4E7E-8D55-DCD5504B2540}.Release|Any CPU.Build.0 = Release|Any CPU
		{17A05FE2-E253-4E7E-8D55-DCD5504B2540}.Release|Mixed Platforms.ActiveCfg = Release|Any CPU
		{17A05FE2-E253-4E7E-8D55-DCD5504B2540}.Release|Mixed Platforms.Build.0 = Release|Any CPU
		{17A05FE2-E253-4E7E-8D55-DCD5504B2540}.Release|x86.ActiveCfg = Release|Any CPU
		{45440E3D-B4A1-4ED7-8531-A46FEBDD4508}.Debug|Any CPU.ActiveCfg = Debug|Any CPU
		{45440E3D-B4A1-4ED7-8531-A46FEBDD4508}.Debug|Any CPU.Build.0 = Debug|Any CPU
		{45440E3D-B4A1-4ED7-8531-A46FEBDD4508}.Debug|Mixed Platforms.ActiveCfg = Debug|Any CPU
		{45440E3D-B4A1-4ED7-8531-A46FEBDD4508}.Debug|Mixed Platforms.Build.0 = Debug|Any CPU
		{45440E3D-B4A1-4ED7-8531-A46FEBDD4508}.Debug|x86.ActiveCfg = Debug|Any CPU
		{45440E3D-B4A1-4ED7-8531-A46FEBDD4508}.Release|Any CPU.ActiveCfg = Release|Any CPU
		{45440E3D-B4A1-4ED7-8531-A46FEBDD4508}.Release|Any CPU.Build.0 = Release|Any CPU
		{45440E3D-B4A1-4ED7-8531-A46FEBDD4508}.Release|Mixed Platforms.ActiveCfg = Release|Any CPU
		{45440E3D-B4A1-4ED7-8531-A46FEBDD4508}.Release|Mixed Platforms.Build.0 = Release|Any CPU
		{45440E3D-B4A1-4ED7-8531-A46FEBDD4508}.Release|x86.ActiveCfg = Release|Any CPU
		{F79F0EFA-9CE4-4EDC-B382-FA06FE56A9A6}.Debug|Any CPU.ActiveCfg = Debug|Any CPU
		{F79F0EFA-9CE4-4EDC-B382-FA06FE56A9A6}.Debug|Any CPU.Build.0 = Debug|Any CPU
		{F79F0EFA-9CE4-4EDC-B382-FA06FE56A9A6}.Debug|Mixed Platforms.ActiveCfg = Debug|Any CPU
		{F79F0EFA-9CE4-4EDC-B382-FA06FE56A9A6}.Debug|Mixed Platforms.Build.0 = Debug|Any CPU
		{F79F0EFA-9CE4-4EDC-B382-FA06FE56A9A6}.Debug|x86.ActiveCfg = Debug|Any CPU
		{F79F0EFA-9CE4-4EDC-B382-FA06FE56A9A6}.Release|Any CPU.ActiveCfg = Release|Any CPU
		{F79F0EFA-9CE4-4EDC-B382-FA06FE56A9A6}.Release|Any CPU.Build.0 = Release|Any CPU
		{F79F0EFA-9CE4-4EDC-B382-FA06FE56A9A6}.Release|Mixed Platforms.ActiveCfg = Release|Any CPU
		{F79F0EFA-9CE4-4EDC-B382-FA06FE56A9A6}.Release|Mixed Platforms.Build.0 = Release|Any CPU
		{F79F0EFA-9CE4-4EDC-B382-FA06FE56A9A6}.Release|x86.ActiveCfg = Release|Any CPU
		{7BFDDAA0-B0DC-47E5-9379-665D151E2EF1}.Debug|Any CPU.ActiveCfg = Debug|Any CPU
		{7BFDDAA0-B0DC-47E5-9379-665D151E2EF1}.Debug|Any CPU.Build.0 = Debug|Any CPU
		{7BFDDAA0-B0DC-47E5-9379-665D151E2EF1}.Debug|Mixed Platforms.ActiveCfg = Debug|Any CPU
		{7BFDDAA0-B0DC-47E5-9379-665D151E2EF1}.Debug|Mixed Platforms.Build.0 = Debug|Any CPU
		{7BFDDAA0-B0DC-47E5-9379-665D151E2EF1}.Debug|x86.ActiveCfg = Debug|Any CPU
		{7BFDDAA0-B0DC-47E5-9379-665D151E2EF1}.Release|Any CPU.ActiveCfg = Release|Any CPU
		{7BFDDAA0-B0DC-47E5-9379-665D151E2EF1}.Release|Any CPU.Build.0 = Release|Any CPU
		{7BFDDAA0-B0DC-47E5-9379-665D151E2EF1}.Release|Mixed Platforms.ActiveCfg = Release|Any CPU
		{7BFDDAA0-B0DC-47E5-9379-665D151E2EF1}.Release|Mixed Platforms.Build.0 = Release|Any CPU
		{7BFDDAA0-B0DC-47E5-9379-665D151E2EF1}.Release|x86.ActiveCfg = Release|Any CPU
		{EDF04185-26E4-42EC-BE17-A6AFBAAE8A9D}.Debug|Any CPU.ActiveCfg = Debug|Any CPU
		{EDF04185-26E4-42EC-BE17-A6AFBAAE8A9D}.Debug|Any CPU.Build.0 = Debug|Any CPU
		{EDF04185-26E4-42EC-BE17-A6AFBAAE8A9D}.Debug|Mixed Platforms.ActiveCfg = Debug|Any CPU
		{EDF04185-26E4-42EC-BE17-A6AFBAAE8A9D}.Debug|Mixed Platforms.Build.0 = Debug|Any CPU
		{EDF04185-26E4-42EC-BE17-A6AFBAAE8A9D}.Debug|x86.ActiveCfg = Debug|Any CPU
		{EDF04185-26E4-42EC-BE17-A6AFBAAE8A9D}.Release|Any CPU.ActiveCfg = Release|Any CPU
		{EDF04185-26E4-42EC-BE17-A6AFBAAE8A9D}.Release|Any CPU.Build.0 = Release|Any CPU
		{EDF04185-26E4-42EC-BE17-A6AFBAAE8A9D}.Release|Mixed Platforms.ActiveCfg = Release|Any CPU
		{EDF04185-26E4-42EC-BE17-A6AFBAAE8A9D}.Release|Mixed Platforms.Build.0 = Release|Any CPU
		{EDF04185-26E4-42EC-BE17-A6AFBAAE8A9D}.Release|x86.ActiveCfg = Release|Any CPU
		{4A86E3CC-D3FB-4CE8-BDC0-664DAE7D13E2}.Debug|Any CPU.ActiveCfg = Debug|Any CPU
		{4A86E3CC-D3FB-4CE8-BDC0-664DAE7D13E2}.Debug|Any CPU.Build.0 = Debug|Any CPU
		{4A86E3CC-D3FB-4CE8-BDC0-664DAE7D13E2}.Debug|Mixed Platforms.ActiveCfg = Debug|Any CPU
		{4A86E3CC-D3FB-4CE8-BDC0-664DAE7D13E2}.Debug|Mixed Platforms.Build.0 = Debug|Any CPU
		{4A86E3CC-D3FB-4CE8-BDC0-664DAE7D13E2}.Debug|x86.ActiveCfg = Debug|Any CPU
		{4A86E3CC-D3FB-4CE8-BDC0-664DAE7D13E2}.Release|Any CPU.ActiveCfg = Release|Any CPU
		{4A86E3CC-D3FB-4CE8-BDC0-664DAE7D13E2}.Release|Any CPU.Build.0 = Release|Any CPU
		{4A86E3CC-D3FB-4CE8-BDC0-664DAE7D13E2}.Release|Mixed Platforms.ActiveCfg = Release|Any CPU
		{4A86E3CC-D3FB-4CE8-BDC0-664DAE7D13E2}.Release|Mixed Platforms.Build.0 = Release|Any CPU
		{4A86E3CC-D3FB-4CE8-BDC0-664DAE7D13E2}.Release|x86.ActiveCfg = Release|Any CPU
	EndGlobalSection
	GlobalSection(SolutionProperties) = preSolution
		HideSolutionNode = FALSE
	EndGlobalSection
	GlobalSection(NestedProjects) = preSolution
		{BE8853B4-EA7B-4B6C-83AC-09ECFBC6D69D} = {FE8B8AEF-3033-4D14-A864-D15874EA11DB}
		{74050A4B-4F73-42A8-B6C2-F8D7418C76E8} = {FE8B8AEF-3033-4D14-A864-D15874EA11DB}
		{17A05FE2-E253-4E7E-8D55-DCD5504B2540} = {FE8B8AEF-3033-4D14-A864-D15874EA11DB}
		{09DC1567-02D8-4355-9ED7-833E05A4BE72} = {FF295A6D-F667-46B0-BFFF-5F70FD698742}
		{59658893-4D8C-48FA-B2BC-BF4CED04B460} = {FF295A6D-F667-46B0-BFFF-5F70FD698742}
		{E652540B-CAB3-491D-8530-A153B0C7BF4B} = {FF295A6D-F667-46B0-BFFF-5F70FD698742}
		{A5CB40AD-DB06-4963-9F35-D3E1F3258F25} = {FF295A6D-F667-46B0-BFFF-5F70FD698742}
		{E1AE7C33-754B-4657-95BD-E5EE7C9D9C9F} = {FF295A6D-F667-46B0-BFFF-5F70FD698742}
		{202EFDDB-EE76-48C4-B203-62868E286C44} = {9C1927B6-8C7C-4417-ABDE-1343DE25E8C9}
		{AF9ECACB-3990-4C01-8A2C-2CA95F12B732} = {9C1927B6-8C7C-4417-ABDE-1343DE25E8C9}
		{E1A2E1AF-8FC1-4E23-9E47-2E49BD9BBF6A} = {9C1927B6-8C7C-4417-ABDE-1343DE25E8C9}
		{CA90288B-3575-475C-953D-179C2ADD89A2} = {9C1927B6-8C7C-4417-ABDE-1343DE25E8C9}
		{7F496611-8468-4131-B990-5024873E3CA1} = {9C1927B6-8C7C-4417-ABDE-1343DE25E8C9}
		{47E5F237-928B-495D-98AF-7C27FF51E48E} = {9C1927B6-8C7C-4417-ABDE-1343DE25E8C9}
		{423E60A9-AB35-4E16-B12F-D284FDC886CB} = {9C1927B6-8C7C-4417-ABDE-1343DE25E8C9}
		{D892DCD7-05A7-4D83-834E-B117E5DFAD5A} = {9C1927B6-8C7C-4417-ABDE-1343DE25E8C9}
		{2D021994-217F-4653-B41D-491429130C9D} = {809FA922-0330-49BE-9DB9-2A2293BBB46E}
		{8D947135-8394-4095-88CD-A173F512B376} = {809FA922-0330-49BE-9DB9-2A2293BBB46E}
		{C06ED7E1-A633-478A-B134-7885B634F9E2} = {809FA922-0330-49BE-9DB9-2A2293BBB46E}
		{92B382A0-4346-4646-BFE2-EEFE38E92D67} = {3D7B54BD-0409-4D42-9FED-2E1B57080E89}
		{1A0D0B18-EF06-4AB7-ADF2-2F27A1802063} = {3D7B54BD-0409-4D42-9FED-2E1B57080E89}
		{28909E25-2538-4697-A8B5-E35D0F6B878E} = {3D7B54BD-0409-4D42-9FED-2E1B57080E89}
		{72440327-A869-419C-B760-1271AD0A3711} = {3D7B54BD-0409-4D42-9FED-2E1B57080E89}
		{5F2F7AEE-F0CE-4805-8BFE-DB875C08EC1D} = {3D7B54BD-0409-4D42-9FED-2E1B57080E89}
		{F79F0EFA-9CE4-4EDC-B382-FA06FE56A9A6} = {3D7B54BD-0409-4D42-9FED-2E1B57080E89}
		{7BFDDAA0-B0DC-47E5-9379-665D151E2EF1} = {3D7B54BD-0409-4D42-9FED-2E1B57080E89}
		{EDF04185-26E4-42EC-BE17-A6AFBAAE8A9D} = {3D7B54BD-0409-4D42-9FED-2E1B57080E89}
		{4A86E3CC-D3FB-4CE8-BDC0-664DAE7D13E2} = {3D7B54BD-0409-4D42-9FED-2E1B57080E89}
		{D83B68C0-3155-4926-8A3D-2DE1BD6E756B} = {755BB446-7E77-4E8D-A3FF-6DE68A632CB6}
		{3EC3E13B-F237-485C-BCB0-60F92B4C6A69} = {755BB446-7E77-4E8D-A3FF-6DE68A632CB6}
		{3488A9FA-E019-4292-ACA9-61262AE1857B} = {ABC24FA4-3C3C-42B3-875B-B130CE40B58F}
		{45440E3D-B4A1-4ED7-8531-A46FEBDD4508} = {2551A88E-A5B8-4949-AE1A-7B5911393F00}
	EndGlobalSection
EndGlobal
